
Microsoft Visual Studio Solution File, Format Version 12.00
# Visual Studio Version 17
VisualStudioVersion = 17.9.34622.214
MinimumVisualStudioVersion = 10.0.40219.1
Project("{9A19103F-16F7-4668-BE54-9A1E7A4F7556}") = "Laba1", "Laba1\Laba1.csproj", "{5232695B-E617-48FA-A982-CA7AA7B328F2}"
EndProject
Project("{9A19103F-16F7-4668-BE54-9A1E7A4F7556}") = "Laba2", "Laba2\Laba2.csproj", "{98C430AF-D394-4685-957A-1499F42E65BE}"
EndProject
Project("{9A19103F-16F7-4668-BE54-9A1E7A4F7556}") = "Laba3", "Laba3\Laba3.csproj", "{027427C5-0EB3-4750-895A-9B7691FD378E}"
EndProject
Project("{9A19103F-16F7-4668-BE54-9A1E7A4F7556}") = "Laba4", "Laba4\Laba4.csproj", "{75F63A5B-67C1-41FD-B62C-B4ED858DF2F2}"
EndProject
Project("{9A19103F-16F7-4668-BE54-9A1E7A4F7556}") = "laba5_1", "laba5_1\laba5_1.csproj", "{B9BB1BD9-920A-485F-B380-4C0DADFD4ED9}"
EndProject
Project("{9A19103F-16F7-4668-BE54-9A1E7A4F7556}") = "Laba7_3", "Laba7_3\Laba7_3.csproj", "{879278DA-9AF8-4030-A330-0540FA808CAE}"
EndProject
Project("{9A19103F-16F7-4668-BE54-9A1E7A4F7556}") = "laba8_3", "laba8_3\laba8_3.csproj", "{593DEAF0-66D6-4798-880F-056EBD216090}"
EndProject
Project("{9A19103F-16F7-4668-BE54-9A1E7A4F7556}") = "Laba7_4", "Laba7_4\Laba7_4.csproj", "{7EB74D4C-3D75-4C3C-9222-D3F831876360}"
EndProject
Project("{9A19103F-16F7-4668-BE54-9A1E7A4F7556}") = "laba7_2", "laba7_2\laba7_2.csproj", "{D9F65859-0D6E-4609-8099-E0024C4CB71A}"
EndProject
Project("{FAE04EC0-301F-11D3-BF4B-00C04F79EFBC}") = "laba8_2helpme", "laba8_2helpme\laba8_2helpme\laba8_2helpme.csproj", "{88CFDF25-1C27-459F-8D96-08099B2B7675}"
EndProject
Project("{9A19103F-16F7-4668-BE54-9A1E7A4F7556}") = "Laba8_1", "Laba8_1\Laba8_1.csproj", "{650D5E4A-C147-4CE4-AEDF-C305E08A0543}"
EndProject
Project("{9A19103F-16F7-4668-BE54-9A1E7A4F7556}") = "laba6_1", "Laba6_1\laba6_1.csproj", "{1AE39EE4-CBB5-45F3-A99A-8E5A376EF48F}"
EndProject
Project("{FAE04EC0-301F-11D3-BF4B-00C04F79EFBC}") = "Laba6_2", "Laba6_2\Laba6_2.csproj", "{CE9B007E-F91D-48CE-8527-963885900992}"
EndProject
Project("{9A19103F-16F7-4668-BE54-9A1E7A4F7556}") = "laba6_3", "Laba6_3\laba6_3.csproj", "{55942EC2-BECB-4B5E-8512-339F74364E40}"
EndProject
Project("{FAE04EC0-301F-11D3-BF4B-00C04F79EFBC}") = "laba7_1", "Laba7_1\71\laba7_1.csproj", "{94896594-ABAE-4416-99A9-0652EDF65FA5}"
EndProject
Project("{FAE04EC0-301F-11D3-BF4B-00C04F79EFBC}") = "Laba5_2form", "Laba5_2\Laba5_2form\Laba5_2form.csproj", "{1E1151C4-B967-4A07-8272-7CE0CF49001E}"
EndProject
Project("{FAE04EC0-301F-11D3-BF4B-00C04F79EFBC}") = "Laba5_2lib", "Laba5_2\Laba5_2lib\Laba5_2lib.csproj", "{E0F007F2-92F0-4BCB-8313-0B6DC13DF24A}"
EndProject
Global
	GlobalSection(SolutionConfigurationPlatforms) = preSolution
		Debug|Any CPU = Debug|Any CPU
		Release|Any CPU = Release|Any CPU
	EndGlobalSection
	GlobalSection(ProjectConfigurationPlatforms) = postSolution
		{5232695B-E617-48FA-A982-CA7AA7B328F2}.Debug|Any CPU.ActiveCfg = Debug|Any CPU
		{5232695B-E617-48FA-A982-CA7AA7B328F2}.Debug|Any CPU.Build.0 = Debug|Any CPU
		{5232695B-E617-48FA-A982-CA7AA7B328F2}.Release|Any CPU.ActiveCfg = Release|Any CPU
		{5232695B-E617-48FA-A982-CA7AA7B328F2}.Release|Any CPU.Build.0 = Release|Any CPU
		{98C430AF-D394-4685-957A-1499F42E65BE}.Debug|Any CPU.ActiveCfg = Debug|Any CPU
		{98C430AF-D394-4685-957A-1499F42E65BE}.Debug|Any CPU.Build.0 = Debug|Any CPU
		{98C430AF-D394-4685-957A-1499F42E65BE}.Release|Any CPU.ActiveCfg = Release|Any CPU
		{98C430AF-D394-4685-957A-1499F42E65BE}.Release|Any CPU.Build.0 = Release|Any CPU
		{027427C5-0EB3-4750-895A-9B7691FD378E}.Debug|Any CPU.ActiveCfg = Debug|Any CPU
		{027427C5-0EB3-4750-895A-9B7691FD378E}.Debug|Any CPU.Build.0 = Debug|Any CPU
		{027427C5-0EB3-4750-895A-9B7691FD378E}.Release|Any CPU.ActiveCfg = Release|Any CPU
		{027427C5-0EB3-4750-895A-9B7691FD378E}.Release|Any CPU.Build.0 = Release|Any CPU
		{75F63A5B-67C1-41FD-B62C-B4ED858DF2F2}.Debug|Any CPU.ActiveCfg = Debug|Any CPU
		{75F63A5B-67C1-41FD-B62C-B4ED858DF2F2}.Debug|Any CPU.Build.0 = Debug|Any CPU
		{75F63A5B-67C1-41FD-B62C-B4ED858DF2F2}.Release|Any CPU.ActiveCfg = Release|Any CPU
		{75F63A5B-67C1-41FD-B62C-B4ED858DF2F2}.Release|Any CPU.Build.0 = Release|Any CPU
		{B9BB1BD9-920A-485F-B380-4C0DADFD4ED9}.Debug|Any CPU.ActiveCfg = Debug|Any CPU
		{B9BB1BD9-920A-485F-B380-4C0DADFD4ED9}.Debug|Any CPU.Build.0 = Debug|Any CPU
		{B9BB1BD9-920A-485F-B380-4C0DADFD4ED9}.Release|Any CPU.ActiveCfg = Release|Any CPU
		{B9BB1BD9-920A-485F-B380-4C0DADFD4ED9}.Release|Any CPU.Build.0 = Release|Any CPU
		{879278DA-9AF8-4030-A330-0540FA808CAE}.Debug|Any CPU.ActiveCfg = Debug|Any CPU
		{879278DA-9AF8-4030-A330-0540FA808CAE}.Debug|Any CPU.Build.0 = Debug|Any CPU
		{879278DA-9AF8-4030-A330-0540FA808CAE}.Release|Any CPU.ActiveCfg = Release|Any CPU
		{879278DA-9AF8-4030-A330-0540FA808CAE}.Release|Any CPU.Build.0 = Release|Any CPU
		{593DEAF0-66D6-4798-880F-056EBD216090}.Debug|Any CPU.ActiveCfg = Debug|Any CPU
		{593DEAF0-66D6-4798-880F-056EBD216090}.Debug|Any CPU.Build.0 = Debug|Any CPU
		{593DEAF0-66D6-4798-880F-056EBD216090}.Release|Any CPU.ActiveCfg = Release|Any CPU
		{593DEAF0-66D6-4798-880F-056EBD216090}.Release|Any CPU.Build.0 = Release|Any CPU
		{7EB74D4C-3D75-4C3C-9222-D3F831876360}.Debug|Any CPU.ActiveCfg = Debug|Any CPU
		{7EB74D4C-3D75-4C3C-9222-D3F831876360}.Debug|Any CPU.Build.0 = Debug|Any CPU
		{7EB74D4C-3D75-4C3C-9222-D3F831876360}.Release|Any CPU.ActiveCfg = Release|Any CPU
		{7EB74D4C-3D75-4C3C-9222-D3F831876360}.Release|Any CPU.Build.0 = Release|Any CPU
		{D9F65859-0D6E-4609-8099-E0024C4CB71A}.Debug|Any CPU.ActiveCfg = Debug|Any CPU
		{D9F65859-0D6E-4609-8099-E0024C4CB71A}.Debug|Any CPU.Build.0 = Debug|Any CPU
		{D9F65859-0D6E-4609-8099-E0024C4CB71A}.Release|Any CPU.ActiveCfg = Release|Any CPU
		{D9F65859-0D6E-4609-8099-E0024C4CB71A}.Release|Any CPU.Build.0 = Release|Any CPU
		{88CFDF25-1C27-459F-8D96-08099B2B7675}.Debug|Any CPU.ActiveCfg = Debug|Any CPU
		{88CFDF25-1C27-459F-8D96-08099B2B7675}.Debug|Any CPU.Build.0 = Debug|Any CPU
		{88CFDF25-1C27-459F-8D96-08099B2B7675}.Release|Any CPU.ActiveCfg = Release|Any CPU
		{88CFDF25-1C27-459F-8D96-08099B2B7675}.Release|Any CPU.Build.0 = Release|Any CPU
		{650D5E4A-C147-4CE4-AEDF-C305E08A0543}.Debug|Any CPU.ActiveCfg = Debug|Any CPU
		{650D5E4A-C147-4CE4-AEDF-C305E08A0543}.Debug|Any CPU.Build.0 = Debug|Any CPU
		{650D5E4A-C147-4CE4-AEDF-C305E08A0543}.Release|Any CPU.ActiveCfg = Release|Any CPU
		{650D5E4A-C147-4CE4-AEDF-C305E08A0543}.Release|Any CPU.Build.0 = Release|Any CPU
		{1AE39EE4-CBB5-45F3-A99A-8E5A376EF48F}.Debug|Any CPU.ActiveCfg = Debug|Any CPU
		{1AE39EE4-CBB5-45F3-A99A-8E5A376EF48F}.Debug|Any CPU.Build.0 = Debug|Any CPU
		{1AE39EE4-CBB5-45F3-A99A-8E5A376EF48F}.Release|Any CPU.ActiveCfg = Release|Any CPU
		{1AE39EE4-CBB5-45F3-A99A-8E5A376EF48F}.Release|Any CPU.Build.0 = Release|Any CPU
		{CE9B007E-F91D-48CE-8527-963885900992}.Debug|Any CPU.ActiveCfg = Debug|Any CPU
		{CE9B007E-F91D-48CE-8527-963885900992}.Debug|Any CPU.Build.0 = Debug|Any CPU
		{CE9B007E-F91D-48CE-8527-963885900992}.Release|Any CPU.ActiveCfg = Release|Any CPU
		{CE9B007E-F91D-48CE-8527-963885900992}.Release|Any CPU.Build.0 = Release|Any CPU
		{55942EC2-BECB-4B5E-8512-339F74364E40}.Debug|Any CPU.ActiveCfg = Debug|Any CPU
		{55942EC2-BECB-4B5E-8512-339F74364E40}.Debug|Any CPU.Build.0 = Debug|Any CPU
		{55942EC2-BECB-4B5E-8512-339F74364E40}.Release|Any CPU.ActiveCfg = Release|Any CPU
		{55942EC2-BECB-4B5E-8512-339F74364E40}.Release|Any CPU.Build.0 = Release|Any CPU
		{94896594-ABAE-4416-99A9-0652EDF65FA5}.Debug|Any CPU.ActiveCfg = Debug|Any CPU
		{94896594-ABAE-4416-99A9-0652EDF65FA5}.Debug|Any CPU.Build.0 = Debug|Any CPU
		{94896594-ABAE-4416-99A9-0652EDF65FA5}.Release|Any CPU.ActiveCfg = Release|Any CPU
		{94896594-ABAE-4416-99A9-0652EDF65FA5}.Release|Any CPU.Build.0 = Release|Any CPU
		{1E1151C4-B967-4A07-8272-7CE0CF49001E}.Debug|Any CPU.ActiveCfg = Debug|Any CPU
		{1E1151C4-B967-4A07-8272-7CE0CF49001E}.Debug|Any CPU.Build.0 = Debug|Any CPU
		{1E1151C4-B967-4A07-8272-7CE0CF49001E}.Release|Any CPU.ActiveCfg = Release|Any CPU
		{1E1151C4-B967-4A07-8272-7CE0CF49001E}.Release|Any CPU.Build.0 = Release|Any CPU
		{E0F007F2-92F0-4BCB-8313-0B6DC13DF24A}.Debug|Any CPU.ActiveCfg = Debug|Any CPU
		{E0F007F2-92F0-4BCB-8313-0B6DC13DF24A}.Debug|Any CPU.Build.0 = Debug|Any CPU
		{E0F007F2-92F0-4BCB-8313-0B6DC13DF24A}.Release|Any CPU.ActiveCfg = Release|Any CPU
		{E0F007F2-92F0-4BCB-8313-0B6DC13DF24A}.Release|Any CPU.Build.0 = Release|Any CPU
	EndGlobalSection
	GlobalSection(SolutionProperties) = preSolution
		HideSolutionNode = FALSE
	EndGlobalSection
	GlobalSection(ExtensibilityGlobals) = postSolution
		SolutionGuid = {4DC05820-B0F1-4010-BEBA-9D53B9CFC39A}
	EndGlobalSection
EndGlobal
