
Microsoft Visual Studio Solution File, Format Version 12.00
# Visual Studio Version 17
VisualStudioVersion = 17.7.34024.191
MinimumVisualStudioVersion = 10.0.40219.1
Project("{FAE04EC0-301F-11D3-BF4B-00C04F79EFBC}") = "71", "71\71.csproj", "{94896594-ABAE-4416-99A9-0652EDF65FA5}"
EndProject
Global
	GlobalSection(SolutionConfigurationPlatforms) = preSolution
		Debug|Any CPU = Debug|Any CPU
		Release|Any CPU = Release|Any CPU
	EndGlobalSection
	GlobalSection(ProjectConfigurationPlatforms) = postSolution
		{94896594-ABAE-4416-99A9-0652EDF65FA5}.Debug|Any CPU.ActiveCfg = Debug|Any CPU
		{94896594-ABAE-4416-99A9-0652EDF65FA5}.Debug|Any CPU.Build.0 = Debug|Any CPU
		{94896594-ABAE-4416-99A9-0652EDF65FA5}.Release|Any CPU.ActiveCfg = Release|Any CPU
		{94896594-ABAE-4416-99A9-0652EDF65FA5}.Release|Any CPU.Build.0 = Release|Any CPU
	EndGlobalSection
	GlobalSection(SolutionProperties) = preSolution
		HideSolutionNode = FALSE
	EndGlobalSection
	GlobalSection(ExtensibilityGlobals) = postSolution
		SolutionGuid = {E0E2EFE2-3BEF-4540-9926-6801DF0180E8}
	EndGlobalSection
EndGlobal
